{
  "name": "dotfiles",
  "lockfileVersion": 2,
  "requires": true,
  "packages": {
    "": {
      "dependencies": {
        "diff-so-fancy": "^1.4.3",
        "git-trim": "^0.2.1",
        "tree-sitter-cli": "^0.22.2"
      }
    },
    "node_modules/diff-so-fancy": {
      "version": "1.4.3",
      "resolved": "https://registry.npmjs.org/diff-so-fancy/-/diff-so-fancy-1.4.3.tgz",
      "integrity": "sha512-ZXNe6ZLdzCHt5cdMPwQOsuNcPI86VYArxloIqmedkTK3qlii59gHe5eR82CrNrc4aZ/A0V1b7askmDzBwftZKA==",
      "bin": {
        "diff-so-fancy": "third_party/build_fatpack/diff-so-fancy"
      }
    },
    "node_modules/git-trim": {
      "version": "0.2.1",
      "resolved": "https://registry.npmjs.org/git-trim/-/git-trim-0.2.1.tgz",
      "integrity": "sha512-vdvpM5IExzj3AJXIP1sneK+a0mzePhvm35aDTjGVlFo3upeAu895+MUNrCWdxzANpQN+hMHLYLpqftSnhG8cSA==",
      "bin": {
        "git-trim": "git-trim"
      },
      "engines": {
        "node": ">=0.10.3",
        "npm": ">=2.0.0"
      }
    },
    "node_modules/tree-sitter-cli": {
      "version": "0.22.2",
      "resolved": "https://registry.npmjs.org/tree-sitter-cli/-/tree-sitter-cli-0.22.2.tgz",
      "integrity": "sha512-ecqccEp27XMFXgjLMEEU71vK9JCWAC7fqSTTxcs5P1tnEnaaf4GkHz/wfo4lJ9l3rfxcTDPxN84tHAoitIQqdA==",
      "hasInstallScript": true,
      "bin": {
        "tree-sitter": "cli.js"
      }
    }
  },
  "dependencies": {
    "diff-so-fancy": {
      "version": "1.4.3",
      "resolved": "https://registry.npmjs.org/diff-so-fancy/-/diff-so-fancy-1.4.3.tgz",
      "integrity": "sha512-ZXNe6ZLdzCHt5cdMPwQOsuNcPI86VYArxloIqmedkTK3qlii59gHe5eR82CrNrc4aZ/A0V1b7askmDzBwftZKA=="
    },
    "git-trim": {
      "version": "0.2.1",
      "resolved": "https://registry.npmjs.org/git-trim/-/git-trim-0.2.1.tgz",
      "integrity": "sha512-vdvpM5IExzj3AJXIP1sneK+a0mzePhvm35aDTjGVlFo3upeAu895+MUNrCWdxzANpQN+hMHLYLpqftSnhG8cSA=="
    },
    "tree-sitter-cli": {
      "version": "0.22.2",
      "resolved": "https://registry.npmjs.org/tree-sitter-cli/-/tree-sitter-cli-0.22.2.tgz",
      "integrity": "sha512-ecqccEp27XMFXgjLMEEU71vK9JCWAC7fqSTTxcs5P1tnEnaaf4GkHz/wfo4lJ9l3rfxcTDPxN84tHAoitIQqdA=="
    }
  }
}
